
Microsoft Visual Studio Solution File, Format Version 12.00
# Visual Studio Version 17
VisualStudioVersion = 17.0.31919.166
MinimumVisualStudioVersion = 10.0.40219.1
Project("{FAE04EC0-301F-11D3-BF4B-00C04F79EFBC}") = "PublicApi", "PublicApi\PublicApi.csproj", "{8AD9BAFE-32D4-4371-BF3B-E003A4C00108}"
EndProject
Global
	GlobalSection(SolutionConfigurationPlatforms) = preSolution
		Debug|Any CPU = Debug|Any CPU
		Release|Any CPU = Release|Any CPU
	EndGlobalSection
	GlobalSection(ProjectConfigurationPlatforms) = postSolution
		{8AD9BAFE-32D4-4371-BF3B-E003A4C00108}.Debug|Any CPU.ActiveCfg = Debug|Any CPU
		{8AD9BAFE-32D4-4371-BF3B-E003A4C00108}.Debug|Any CPU.Build.0 = Debug|Any CPU
		{8AD9BAFE-32D4-4371-BF3B-E003A4C00108}.Release|Any CPU.ActiveCfg = Release|Any CPU
		{8AD9BAFE-32D4-4371-BF3B-E003A4C00108}.Release|Any CPU.Build.0 = Release|Any CPU
	EndGlobalSection
	GlobalSection(SolutionProperties) = preSolution
		HideSolutionNode = FALSE
	EndGlobalSection
	GlobalSection(ExtensibilityGlobals) = postSolution
		SolutionGuid = {AB9A5AC7-0EED-4927-8B54-328AFD6F9905}
	EndGlobalSection
EndGlobal
